
Microsoft Visual Studio Solution File, Format Version 12.00
# Visual Studio Version 17
VisualStudioVersion = 17.11.35303.130
MinimumVisualStudioVersion = 10.0.40219.1
Project("{9A19103F-16F7-4668-BE54-9A1E7A4F7556}") = "ProjectA", "ProjectA\ProjectA.csproj", "{45C4BBA8-7C6C-4182-ACDF-7888A4FDAF56}"
EndProject
Project("{FAE04EC0-301F-11D3-BF4B-00C04F79EFBC}") = "TestProject", "TestProject\TestProject.csproj", "{3151EC69-D7E0-4115-A87A-B58881DBA808}"
EndProject
Global
	GlobalSection(SolutionConfigurationPlatforms) = preSolution
		Debug|Any CPU = Debug|Any CPU
		Release|Any CPU = Release|Any CPU
	EndGlobalSection
	GlobalSection(ProjectConfigurationPlatforms) = postSolution
		{45C4BBA8-7C6C-4182-ACDF-7888A4FDAF56}.Debug|Any CPU.ActiveCfg = Debug|Any CPU
		{45C4BBA8-7C6C-4182-ACDF-7888A4FDAF56}.Debug|Any CPU.Build.0 = Debug|Any CPU
		{45C4BBA8-7C6C-4182-ACDF-7888A4FDAF56}.Release|Any CPU.ActiveCfg = Release|Any CPU
		{45C4BBA8-7C6C-4182-ACDF-7888A4FDAF56}.Release|Any CPU.Build.0 = Release|Any CPU
		{3151EC69-D7E0-4115-A87A-B58881DBA808}.Debug|Any CPU.ActiveCfg = Debug|Any CPU
		{3151EC69-D7E0-4115-A87A-B58881DBA808}.Debug|Any CPU.Build.0 = Debug|Any CPU
		{3151EC69-D7E0-4115-A87A-B58881DBA808}.Release|Any CPU.ActiveCfg = Release|Any CPU
		{3151EC69-D7E0-4115-A87A-B58881DBA808}.Release|Any CPU.Build.0 = Release|Any CPU
	EndGlobalSection
	GlobalSection(SolutionProperties) = preSolution
		HideSolutionNode = FALSE
	EndGlobalSection
	GlobalSection(ExtensibilityGlobals) = postSolution
		SolutionGuid = {027C73DD-E440-441D-A759-A4D4CDE66DA9}
	EndGlobalSection
EndGlobal
